
Microsoft Visual Studio Solution File, Format Version 12.00
# Visual Studio Version 17
VisualStudioVersion = 17.12.35506.116 d17.12
MinimumVisualStudioVersion = 10.0.40219.1
Project("{FAE04EC0-301F-11D3-BF4B-00C04F79EFBC}") = "Tyuiu.KarimovAI.Lab3.Review.V13", "Tyuiu.KarimovAI.Lab3\Tyuiu.KarimovAI.Lab3.Review.V13.csproj", "{808D755A-E183-4611-ACBF-4B5E51FA1006}"
	ProjectSection(ProjectDependencies) = postProject
		{0248AF50-1262-4F54-87D7-F3ACDDF7600E} = {0248AF50-1262-4F54-87D7-F3ACDDF7600E}
		{73CE88B2-0712-4A95-BBFC-74DB9B9B0267} = {73CE88B2-0712-4A95-BBFC-74DB9B9B0267}
		{86D8FF98-C715-4186-B2A5-AEBD20DB1276} = {86D8FF98-C715-4186-B2A5-AEBD20DB1276}
		{AB26C4C1-362B-42FA-8333-958169B963B3} = {AB26C4C1-362B-42FA-8333-958169B963B3}
		{C9D09DAD-4E21-45BF-86F1-A6D85C66E8F8} = {C9D09DAD-4E21-45BF-86F1-A6D85C66E8F8}
	EndProjectSection
EndProject
Project("{2150E333-8FDC-42A3-9474-1A3956D46DE8}") = "Lab3", "Lab3", "{A1E806C0-E375-4DFA-B4D4-2B93880DF6BA}"
EndProject
Project("{FAE04EC0-301F-11D3-BF4B-00C04F79EFBC}") = "SolveMathFirstExpression.Test", "SolveMathFirstExpression.Test\SolveMathFirstExpression.Test.csproj", "{E41BCA8D-05B4-432D-AFB0-75F9DDB4E143}"
	ProjectSection(ProjectDependencies) = postProject
		{73CE88B2-0712-4A95-BBFC-74DB9B9B0267} = {73CE88B2-0712-4A95-BBFC-74DB9B9B0267}
	EndProjectSection
EndProject
Project("{FAE04EC0-301F-11D3-BF4B-00C04F79EFBC}") = "SolveMathSecondExpression.Test", "SolveMathSecondExpression.Test\SolveMathSecondExpression.Test.csproj", "{C24F0907-8F2E-46EF-92B0-85C491CEA05A}"
	ProjectSection(ProjectDependencies) = postProject
		{86D8FF98-C715-4186-B2A5-AEBD20DB1276} = {86D8FF98-C715-4186-B2A5-AEBD20DB1276}
	EndProjectSection
EndProject
Project("{FAE04EC0-301F-11D3-BF4B-00C04F79EFBC}") = "SolveTabMathFuction.Test", "SolveTabMathFuction.Test\SolveTabMathFuction.Test.csproj", "{1EF63428-A131-43B5-982C-61F54F39A631}"
	ProjectSection(ProjectDependencies) = postProject
		{AB26C4C1-362B-42FA-8333-958169B963B3} = {AB26C4C1-362B-42FA-8333-958169B963B3}
	EndProjectSection
EndProject
Project("{FAE04EC0-301F-11D3-BF4B-00C04F79EFBC}") = "SolveCalculate.Test", "SolveCalculate.Test\SolveCalculate.Test.csproj", "{9E1ACEFF-5FD6-4A40-814C-C1A2D95F4C2C}"
	ProjectSection(ProjectDependencies) = postProject
		{0248AF50-1262-4F54-87D7-F3ACDDF7600E} = {0248AF50-1262-4F54-87D7-F3ACDDF7600E}
	EndProjectSection
EndProject
Project("{FAE04EC0-301F-11D3-BF4B-00C04F79EFBC}") = "SolveArray.Test", "SolveArray.Test\SolveArray.Test.csproj", "{972027C3-4E37-4979-BCAC-E95176A09D1E}"
	ProjectSection(ProjectDependencies) = postProject
		{C9D09DAD-4E21-45BF-86F1-A6D85C66E8F8} = {C9D09DAD-4E21-45BF-86F1-A6D85C66E8F8}
	EndProjectSection
EndProject
Project("{FAE04EC0-301F-11D3-BF4B-00C04F79EFBC}") = "SolveMathFirstExpression.Lib", "SolveMathFirstExpression.Lib\SolveMathFirstExpression.Lib.csproj", "{73CE88B2-0712-4A95-BBFC-74DB9B9B0267}"
EndProject
Project("{FAE04EC0-301F-11D3-BF4B-00C04F79EFBC}") = "SolveMathSecondExpression.Lib", "SolveMathSecondExpression.Lib\SolveMathSecondExpression.Lib.csproj", "{86D8FF98-C715-4186-B2A5-AEBD20DB1276}"
EndProject
Project("{FAE04EC0-301F-11D3-BF4B-00C04F79EFBC}") = "SolveTabMathFuction.Lib", "SolveTabMathFuction.Lib\SolveTabMathFuction.Lib.csproj", "{AB26C4C1-362B-42FA-8333-958169B963B3}"
EndProject
Project("{FAE04EC0-301F-11D3-BF4B-00C04F79EFBC}") = "SolveCalculate.Lib", "SolveCalculate.Lib\SolveCalculate.Lib.csproj", "{0248AF50-1262-4F54-87D7-F3ACDDF7600E}"
EndProject
Project("{FAE04EC0-301F-11D3-BF4B-00C04F79EFBC}") = "SolveArray.Lib", "SolveArray.Lib\SolveArray.Lib.csproj", "{C9D09DAD-4E21-45BF-86F1-A6D85C66E8F8}"
EndProject
Global
	GlobalSection(SolutionConfigurationPlatforms) = preSolution
		Debug|Any CPU = Debug|Any CPU
		Release|Any CPU = Release|Any CPU
	EndGlobalSection
	GlobalSection(ProjectConfigurationPlatforms) = postSolution
		{808D755A-E183-4611-ACBF-4B5E51FA1006}.Debug|Any CPU.ActiveCfg = Debug|Any CPU
		{808D755A-E183-4611-ACBF-4B5E51FA1006}.Debug|Any CPU.Build.0 = Debug|Any CPU
		{808D755A-E183-4611-ACBF-4B5E51FA1006}.Release|Any CPU.ActiveCfg = Release|Any CPU
		{808D755A-E183-4611-ACBF-4B5E51FA1006}.Release|Any CPU.Build.0 = Release|Any CPU
		{E41BCA8D-05B4-432D-AFB0-75F9DDB4E143}.Debug|Any CPU.ActiveCfg = Debug|Any CPU
		{E41BCA8D-05B4-432D-AFB0-75F9DDB4E143}.Debug|Any CPU.Build.0 = Debug|Any CPU
		{E41BCA8D-05B4-432D-AFB0-75F9DDB4E143}.Release|Any CPU.ActiveCfg = Release|Any CPU
		{E41BCA8D-05B4-432D-AFB0-75F9DDB4E143}.Release|Any CPU.Build.0 = Release|Any CPU
		{C24F0907-8F2E-46EF-92B0-85C491CEA05A}.Debug|Any CPU.ActiveCfg = Debug|Any CPU
		{C24F0907-8F2E-46EF-92B0-85C491CEA05A}.Debug|Any CPU.Build.0 = Debug|Any CPU
		{C24F0907-8F2E-46EF-92B0-85C491CEA05A}.Release|Any CPU.ActiveCfg = Release|Any CPU
		{C24F0907-8F2E-46EF-92B0-85C491CEA05A}.Release|Any CPU.Build.0 = Release|Any CPU
		{1EF63428-A131-43B5-982C-61F54F39A631}.Debug|Any CPU.ActiveCfg = Debug|Any CPU
		{1EF63428-A131-43B5-982C-61F54F39A631}.Debug|Any CPU.Build.0 = Debug|Any CPU
		{1EF63428-A131-43B5-982C-61F54F39A631}.Release|Any CPU.ActiveCfg = Release|Any CPU
		{1EF63428-A131-43B5-982C-61F54F39A631}.Release|Any CPU.Build.0 = Release|Any CPU
		{9E1ACEFF-5FD6-4A40-814C-C1A2D95F4C2C}.Debug|Any CPU.ActiveCfg = Debug|Any CPU
		{9E1ACEFF-5FD6-4A40-814C-C1A2D95F4C2C}.Debug|Any CPU.Build.0 = Debug|Any CPU
		{9E1ACEFF-5FD6-4A40-814C-C1A2D95F4C2C}.Release|Any CPU.ActiveCfg = Release|Any CPU
		{9E1ACEFF-5FD6-4A40-814C-C1A2D95F4C2C}.Release|Any CPU.Build.0 = Release|Any CPU
		{972027C3-4E37-4979-BCAC-E95176A09D1E}.Debug|Any CPU.ActiveCfg = Debug|Any CPU
		{972027C3-4E37-4979-BCAC-E95176A09D1E}.Debug|Any CPU.Build.0 = Debug|Any CPU
		{972027C3-4E37-4979-BCAC-E95176A09D1E}.Release|Any CPU.ActiveCfg = Release|Any CPU
		{972027C3-4E37-4979-BCAC-E95176A09D1E}.Release|Any CPU.Build.0 = Release|Any CPU
		{73CE88B2-0712-4A95-BBFC-74DB9B9B0267}.Debug|Any CPU.ActiveCfg = Debug|Any CPU
		{73CE88B2-0712-4A95-BBFC-74DB9B9B0267}.Debug|Any CPU.Build.0 = Debug|Any CPU
		{73CE88B2-0712-4A95-BBFC-74DB9B9B0267}.Release|Any CPU.ActiveCfg = Release|Any CPU
		{73CE88B2-0712-4A95-BBFC-74DB9B9B0267}.Release|Any CPU.Build.0 = Release|Any CPU
		{86D8FF98-C715-4186-B2A5-AEBD20DB1276}.Debug|Any CPU.ActiveCfg = Debug|Any CPU
		{86D8FF98-C715-4186-B2A5-AEBD20DB1276}.Debug|Any CPU.Build.0 = Debug|Any CPU
		{86D8FF98-C715-4186-B2A5-AEBD20DB1276}.Release|Any CPU.ActiveCfg = Release|Any CPU
		{86D8FF98-C715-4186-B2A5-AEBD20DB1276}.Release|Any CPU.Build.0 = Release|Any CPU
		{AB26C4C1-362B-42FA-8333-958169B963B3}.Debug|Any CPU.ActiveCfg = Debug|Any CPU
		{AB26C4C1-362B-42FA-8333-958169B963B3}.Debug|Any CPU.Build.0 = Debug|Any CPU
		{AB26C4C1-362B-42FA-8333-958169B963B3}.Release|Any CPU.ActiveCfg = Release|Any CPU
		{AB26C4C1-362B-42FA-8333-958169B963B3}.Release|Any CPU.Build.0 = Release|Any CPU
		{0248AF50-1262-4F54-87D7-F3ACDDF7600E}.Debug|Any CPU.ActiveCfg = Debug|Any CPU
		{0248AF50-1262-4F54-87D7-F3ACDDF7600E}.Debug|Any CPU.Build.0 = Debug|Any CPU
		{0248AF50-1262-4F54-87D7-F3ACDDF7600E}.Release|Any CPU.ActiveCfg = Release|Any CPU
		{0248AF50-1262-4F54-87D7-F3ACDDF7600E}.Release|Any CPU.Build.0 = Release|Any CPU
		{C9D09DAD-4E21-45BF-86F1-A6D85C66E8F8}.Debug|Any CPU.ActiveCfg = Debug|Any CPU
		{C9D09DAD-4E21-45BF-86F1-A6D85C66E8F8}.Debug|Any CPU.Build.0 = Debug|Any CPU
		{C9D09DAD-4E21-45BF-86F1-A6D85C66E8F8}.Release|Any CPU.ActiveCfg = Release|Any CPU
		{C9D09DAD-4E21-45BF-86F1-A6D85C66E8F8}.Release|Any CPU.Build.0 = Release|Any CPU
	EndGlobalSection
	GlobalSection(SolutionProperties) = preSolution
		HideSolutionNode = FALSE
	EndGlobalSection
	GlobalSection(NestedProjects) = preSolution
		{808D755A-E183-4611-ACBF-4B5E51FA1006} = {A1E806C0-E375-4DFA-B4D4-2B93880DF6BA}
		{E41BCA8D-05B4-432D-AFB0-75F9DDB4E143} = {A1E806C0-E375-4DFA-B4D4-2B93880DF6BA}
		{C24F0907-8F2E-46EF-92B0-85C491CEA05A} = {A1E806C0-E375-4DFA-B4D4-2B93880DF6BA}
		{1EF63428-A131-43B5-982C-61F54F39A631} = {A1E806C0-E375-4DFA-B4D4-2B93880DF6BA}
		{9E1ACEFF-5FD6-4A40-814C-C1A2D95F4C2C} = {A1E806C0-E375-4DFA-B4D4-2B93880DF6BA}
		{972027C3-4E37-4979-BCAC-E95176A09D1E} = {A1E806C0-E375-4DFA-B4D4-2B93880DF6BA}
		{73CE88B2-0712-4A95-BBFC-74DB9B9B0267} = {A1E806C0-E375-4DFA-B4D4-2B93880DF6BA}
		{86D8FF98-C715-4186-B2A5-AEBD20DB1276} = {A1E806C0-E375-4DFA-B4D4-2B93880DF6BA}
		{AB26C4C1-362B-42FA-8333-958169B963B3} = {A1E806C0-E375-4DFA-B4D4-2B93880DF6BA}
		{0248AF50-1262-4F54-87D7-F3ACDDF7600E} = {A1E806C0-E375-4DFA-B4D4-2B93880DF6BA}
		{C9D09DAD-4E21-45BF-86F1-A6D85C66E8F8} = {A1E806C0-E375-4DFA-B4D4-2B93880DF6BA}
	EndGlobalSection
EndGlobal
